<?xml version="1.0" encoding="utf-8"?>
<Project ToolsVersion="4.0" xmlns="http://schemas.microsoft.com/developer/msbuild/2003">
  <ItemGroup>
    <Filter Include="Файлы исходного кода">
      <UniqueIdentifier>{4FC737F1-C7A5-4376-A066-2A32D752A2FF}</UniqueIdentifier>
      <Extensions>cpp;c;cc;cxx;def;odl;idl;hpj;bat;asm;asmx</Extensions>
    </Filter>
    <Filter Include="Заголовочные файлы">
      <UniqueIdentifier>{93995380-89BD-4b04-88EB-625FBE52EBFB}</UniqueIdentifier>
      <Extensions>h;hh;hpp;hxx;hm;inl;inc;xsd</Extensions>
    </Filter>
    <Filter Include="Файлы ресурсов">
      <UniqueIdentifier>{67DA6AB6-F800-4c08-8B7A-83BB121AAD01}</UniqueIdentifier>
      <Extensions>rc;ico;cur;bmp;dlg;rc2;rct;bin;rgs;gif;jpg;jpeg;jpe;resx;tiff;tif;png;wav;mfcribbon-ms</Extensions>
    </Filter>
    <Filter Include="Файлы исходного кода\Canvas">
      <UniqueIdentifier>{a8b08fea-f029-4068-8827-6cfc6ebb58de}</UniqueIdentifier>
    </Filter>
    <Filter Include="Файлы исходного кода\Canvas\Shapes">
      <UniqueIdentifier>{da90bdd4-72e6-4339-81a0-e476c8299cce}</UniqueIdentifier>
    </Filter>
    <Filter Include="Файлы исходного кода\Canvas\CanvasCommand">
      <UniqueIdentifier>{9b10ba3d-3a3d-4c44-bd81-9a5303ad472e}</UniqueIdentifier>
    </Filter>
  </ItemGroup>
  <ItemGroup>
    <ClInclude Include="ShapeCompositor.h">
      <Filter>Заголовочные файлы</Filter>
    </ClInclude>
    <ClInclude Include="stdafx.h">
      <Filter>Заголовочные файлы</Filter>
    </ClInclude>
    <ClInclude Include="targetver.h">
      <Filter>Заголовочные файлы</Filter>
    </ClInclude>
    <ClInclude Include="MainFrm.h">
      <Filter>Заголовочные файлы</Filter>
    </ClInclude>
    <ClInclude Include="ShapeCompositorDoc.h">
      <Filter>Заголовочные файлы</Filter>
    </ClInclude>
    <ClInclude Include="ShapeCompositorView.h">
      <Filter>Заголовочные файлы</Filter>
    </ClInclude>
    <ClInclude Include="Resource.h">
      <Filter>Заголовочные файлы</Filter>
    </ClInclude>
    <ClInclude Include="Canvas\Canvas.h">
      <Filter>Файлы исходного кода\Canvas</Filter>
    </ClInclude>
    <ClInclude Include="Canvas\Shapes\IShape.h">
      <Filter>Файлы исходного кода\Canvas\Shapes</Filter>
    </ClInclude>
    <ClInclude Include="Canvas\Shapes\ShapeAttributes.h">
      <Filter>Файлы исходного кода\Canvas\Shapes</Filter>
    </ClInclude>
    <ClInclude Include="Canvas\Shapes\AllShapes.h">
      <Filter>Файлы исходного кода\Canvas\Shapes</Filter>
    </ClInclude>
    <ClInclude Include="Canvas\Shapes\ShapeFactory.h">
      <Filter>Файлы исходного кода\Canvas\Shapes</Filter>
    </ClInclude>
    <ClInclude Include="Canvas\CanvasCommands\CanvasCommand.h">
      <Filter>Файлы исходного кода\Canvas\CanvasCommand</Filter>
    </ClInclude>
    <ClInclude Include="Canvas\CanvasCommands\AddShapeCommand.h">
      <Filter>Файлы исходного кода\Canvas\CanvasCommand</Filter>
    </ClInclude>
    <ClInclude Include="Canvas\CanvasCommands\AllCanvasCommand.h">
      <Filter>Файлы исходного кода\Canvas\CanvasCommand</Filter>
    </ClInclude>
    <ClInclude Include="Canvas\ShapeRenderer.h">
      <Filter>Файлы исходного кода\Canvas</Filter>
    </ClInclude>
    <ClInclude Include="RenderShapeVisitor.h">
      <Filter>Файлы исходного кода</Filter>
    </ClInclude>
    <ClInclude Include="RenderShapeAccept.h">
      <Filter>Файлы исходного кода</Filter>
    </ClInclude>
    <ClInclude Include="Observer.h">
      <Filter>Файлы исходного кода</Filter>
    </ClInclude>
    <ClInclude Include="Canvas\MouseEventHandler.h">
      <Filter>Файлы исходного кода\Canvas</Filter>
    </ClInclude>
    <ClInclude Include="Canvas\SelectShape.h">
      <Filter>Файлы исходного кода\Canvas</Filter>
    </ClInclude>
    <ClInclude Include="Canvas\CanvasCommands\DeleteShapeCommand.h">
      <Filter>Файлы исходного кода\Canvas\CanvasCommand</Filter>
    </ClInclude>
    <ClInclude Include="Canvas\ShapeTypeDefiner.h">
      <Filter>Файлы исходного кода\Canvas</Filter>
    </ClInclude>
    <ClInclude Include="Canvas\Shapes\Triangle.h">
      <Filter>Файлы исходного кода\Canvas\Shapes</Filter>
    </ClInclude>
    <ClInclude Include="Canvas\Shapes\Ellipse.h">
      <Filter>Файлы исходного кода\Canvas\Shapes</Filter>
    </ClInclude>
    <ClInclude Include="Canvas\Shapes\Rectangle.h">
      <Filter>Файлы исходного кода\Canvas\Shapes</Filter>
    </ClInclude>
    <ClInclude Include="Canvas\Shapes\CShape.h">
      <Filter>Файлы исходного кода\Canvas\Shapes</Filter>
    </ClInclude>
  </ItemGroup>
  <ItemGroup>
    <ClCompile Include="ShapeCompositor.cpp">
      <Filter>Файлы исходного кода</Filter>
    </ClCompile>
    <ClCompile Include="stdafx.cpp">
      <Filter>Файлы исходного кода</Filter>
    </ClCompile>
    <ClCompile Include="MainFrm.cpp">
      <Filter>Файлы исходного кода</Filter>
    </ClCompile>
    <ClCompile Include="ShapeCompositorDoc.cpp">
      <Filter>Файлы исходного кода</Filter>
    </ClCompile>
    <ClCompile Include="ShapeCompositorView.cpp">
      <Filter>Файлы исходного кода</Filter>
    </ClCompile>
    <ClCompile Include="Canvas\Canvas.cpp">
      <Filter>Файлы исходного кода\Canvas</Filter>
    </ClCompile>
    <ClCompile Include="Canvas\Shapes\ShapeAttributes.cpp">
      <Filter>Файлы исходного кода\Canvas\Shapes</Filter>
    </ClCompile>
    <ClCompile Include="Canvas\Shapes\IShape.cpp">
      <Filter>Файлы исходного кода\Canvas\Shapes</Filter>
    </ClCompile>
    <ClCompile Include="Canvas\Shapes\ShapeFactory.cpp">
      <Filter>Файлы исходного кода\Canvas\Shapes</Filter>
    </ClCompile>
    <ClCompile Include="Canvas\CanvasCommands\AddShapeCommand.cpp">
      <Filter>Файлы исходного кода\Canvas\CanvasCommand</Filter>
    </ClCompile>
    <ClCompile Include="Canvas\ShapeRenderer.cpp">
      <Filter>Файлы исходного кода\Canvas</Filter>
    </ClCompile>
    <ClCompile Include="Canvas\SelectShape.cpp">
      <Filter>Файлы исходного кода\Canvas</Filter>
    </ClCompile>
    <ClCompile Include="Canvas\CanvasCommands\DeleteShapeCommand.cpp">
      <Filter>Файлы исходного кода\Canvas\CanvasCommand</Filter>
    </ClCompile>
    <ClCompile Include="Canvas\ShapeTypeDefiner.cpp">
      <Filter>Файлы исходного кода\Canvas</Filter>
    </ClCompile>
    <ClCompile Include="Canvas\Shapes\Triangle.cpp">
      <Filter>Файлы исходного кода\Canvas\Shapes</Filter>
    </ClCompile>
    <ClCompile Include="Canvas\Shapes\Ellipse.cpp">
      <Filter>Файлы исходного кода\Canvas\Shapes</Filter>
    </ClCompile>
    <ClCompile Include="Canvas\Shapes\Rectangle.cpp">
      <Filter>Файлы исходного кода\Canvas\Shapes</Filter>
    </ClCompile>
    <ClCompile Include="Canvas\Shapes\CShape.cpp">
      <Filter>Файлы исходного кода\Canvas\Shapes</Filter>
    </ClCompile>
  </ItemGroup>
  <ItemGroup>
    <None Include="ShapeCompositor.reg" />
    <None Include="res\ribbon.mfcribbon-ms">
      <Filter>Файлы ресурсов</Filter>
    </None>
    <None Include="res\ShapeCompositor.rc2">
      <Filter>Файлы ресурсов</Filter>
    </None>
    <None Include="ClassDiagram.cd" />
    <None Include="ClassDiagram1.cd" />
  </ItemGroup>
  <ItemGroup>
    <ResourceCompile Include="ShapeCompositor.rc">
      <Filter>Файлы ресурсов</Filter>
    </ResourceCompile>
  </ItemGroup>
  <ItemGroup>
    <Image Include="res\buttons.bmp">
      <Filter>Файлы ресурсов</Filter>
    </Image>
    <Image Include="res\filelarge.bmp">
      <Filter>Файлы ресурсов</Filter>
    </Image>
    <Image Include="res\filesmall.bmp">
      <Filter>Файлы ресурсов</Filter>
    </Image>
    <Image Include="res\main.bmp">
      <Filter>Файлы ресурсов</Filter>
    </Image>
    <Image Include="res\writelarge.bmp">
      <Filter>Файлы ресурсов</Filter>
    </Image>
    <Image Include="res\writesmall.bmp">
      <Filter>Файлы ресурсов</Filter>
    </Image>
    <Image Include="res\ShapeCompositorDoc.ico">
      <Filter>Файлы ресурсов</Filter>
    </Image>
    <Image Include="res\ShapeCompositor.ico">
      <Filter>Файлы ресурсов</Filter>
    </Image>
    <Image Include="res\Toolbar.bmp">
      <Filter>Файлы ресурсов</Filter>
    </Image>
    <Image Include="res\Toolbar256.bmp">
      <Filter>Файлы ресурсов</Filter>
    </Image>
    <Image Include="res\writelarge.png">
      <Filter>Файлы ресурсов</Filter>
    </Image>
    <Image Include="res\buttons.png">
      <Filter>Файлы ресурсов</Filter>
    </Image>
    <Image Include="res\writesmall.png">
      <Filter>Файлы ресурсов</Filter>
    </Image>
  </ItemGroup>
</Project>