<?xml version="1.0" encoding="utf-8"?>
<Project ToolsVersion="4.0" xmlns="http://schemas.microsoft.com/developer/msbuild/2003">
  <ItemGroup>
    <Filter Include="Файлы исходного кода">
      <UniqueIdentifier>{4FC737F1-C7A5-4376-A066-2A32D752A2FF}</UniqueIdentifier>
      <Extensions>cpp;c;cc;cxx;def;odl;idl;hpj;bat;asm;asmx</Extensions>
    </Filter>
    <Filter Include="Заголовочные файлы">
      <UniqueIdentifier>{93995380-89BD-4b04-88EB-625FBE52EBFB}</UniqueIdentifier>
      <Extensions>h;hh;hpp;hxx;hm;inl;inc;xsd</Extensions>
    </Filter>
    <Filter Include="Файлы ресурсов">
      <UniqueIdentifier>{67DA6AB6-F800-4c08-8B7A-83BB121AAD01}</UniqueIdentifier>
      <Extensions>rc;ico;cur;bmp;dlg;rc2;rct;bin;rgs;gif;jpg;jpeg;jpe;resx;tiff;tif;png;wav;mfcribbon-ms</Extensions>
    </Filter>
    <Filter Include="Файлы исходного кода\TestClasses">
      <UniqueIdentifier>{58782312-d34e-4316-99be-a95e71ce18be}</UniqueIdentifier>
    </Filter>
    <Filter Include="Файлы исходного кода\TestClasses\Canvas">
      <UniqueIdentifier>{7030b494-51b9-4608-a7a3-d24a24414855}</UniqueIdentifier>
    </Filter>
    <Filter Include="Файлы исходного кода\TestClasses\Canvas\Shapes">
      <UniqueIdentifier>{12bb1050-8c74-4393-b2eb-137e2374f2d4}</UniqueIdentifier>
    </Filter>
    <Filter Include="Файлы исходного кода\TestClasses\Canvas\CanvasCommand">
      <UniqueIdentifier>{d4d69241-c730-4a5b-bb33-106652e5a3bf}</UniqueIdentifier>
    </Filter>
    <Filter Include="Файлы исходного кода\TestClasses\XMLReader">
      <UniqueIdentifier>{781876d4-a409-437c-b56b-ce1d186633ff}</UniqueIdentifier>
    </Filter>
  </ItemGroup>
  <ItemGroup>
    <Text Include="ReadMe.txt" />
  </ItemGroup>
  <ItemGroup>
    <ClInclude Include="stdafx.h">
      <Filter>Заголовочные файлы</Filter>
    </ClInclude>
    <ClInclude Include="targetver.h">
      <Filter>Заголовочные файлы</Filter>
    </ClInclude>
    <ClInclude Include="..\ShapeCompositor\Canvas\Canvas.h">
      <Filter>Файлы исходного кода\TestClasses\Canvas</Filter>
    </ClInclude>
    <ClInclude Include="..\ShapeCompositor\Canvas\CanvasCommands\AddShapeCommand.h">
      <Filter>Файлы исходного кода\TestClasses\Canvas\CanvasCommand</Filter>
    </ClInclude>
    <ClInclude Include="..\ShapeCompositor\Canvas\CanvasCommands\CanvasCommand.h">
      <Filter>Файлы исходного кода\TestClasses\Canvas\CanvasCommand</Filter>
    </ClInclude>
    <ClInclude Include="..\ShapeCompositor\Canvas\CanvasCommands\AllCanvasCommand.h">
      <Filter>Файлы исходного кода\TestClasses\Canvas\CanvasCommand</Filter>
    </ClInclude>
    <ClInclude Include="..\ShapeCompositor\Canvas\CanvasCommands\DeleteShapeCommand.h">
      <Filter>Файлы исходного кода\TestClasses\Canvas\CanvasCommand</Filter>
    </ClInclude>
    <ClInclude Include="..\ShapeCompositor\Canvas\CanvasCommands\MoveShapeCommand.h">
      <Filter>Файлы исходного кода\TestClasses\Canvas\CanvasCommand</Filter>
    </ClInclude>
    <ClInclude Include="..\ShapeCompositor\Canvas\CanvasCommands\ScaleShapeCommand.h">
      <Filter>Файлы исходного кода\TestClasses\Canvas\CanvasCommand</Filter>
    </ClInclude>
    <ClInclude Include="..\ShapeCompositor\Canvas\Shapes\AllShapes.h">
      <Filter>Файлы исходного кода\TestClasses\Canvas\Shapes</Filter>
    </ClInclude>
    <ClInclude Include="..\ShapeCompositor\Canvas\Shapes\CShape.h">
      <Filter>Файлы исходного кода\TestClasses\Canvas\Shapes</Filter>
    </ClInclude>
    <ClInclude Include="..\ShapeCompositor\Canvas\Shapes\Ellipse.h">
      <Filter>Файлы исходного кода\TestClasses\Canvas\Shapes</Filter>
    </ClInclude>
    <ClInclude Include="..\ShapeCompositor\Canvas\Shapes\IShape.h">
      <Filter>Файлы исходного кода\TestClasses\Canvas\Shapes</Filter>
    </ClInclude>
    <ClInclude Include="..\ShapeCompositor\Canvas\Shapes\Rectangle.h">
      <Filter>Файлы исходного кода\TestClasses\Canvas\Shapes</Filter>
    </ClInclude>
    <ClInclude Include="..\ShapeCompositor\Canvas\Shapes\ShapeAttributes.h">
      <Filter>Файлы исходного кода\TestClasses\Canvas\Shapes</Filter>
    </ClInclude>
    <ClInclude Include="..\ShapeCompositor\Canvas\Shapes\ShapeFactory.h">
      <Filter>Файлы исходного кода\TestClasses\Canvas\Shapes</Filter>
    </ClInclude>
    <ClInclude Include="..\ShapeCompositor\Canvas\Shapes\Triangle.h">
      <Filter>Файлы исходного кода\TestClasses\Canvas\Shapes</Filter>
    </ClInclude>
    <ClInclude Include="..\ShapeCompositor\Observer.h">
      <Filter>Файлы исходного кода\TestClasses</Filter>
    </ClInclude>
    <ClInclude Include="..\ShapeCompositor\Canvas\ObjectRenderer.h">
      <Filter>Файлы исходного кода\TestClasses\Canvas</Filter>
    </ClInclude>
    <ClInclude Include="..\ShapeCompositor\XMLReader\XMLReader.h">
      <Filter>Файлы исходного кода\TestClasses\XMLReader</Filter>
    </ClInclude>
    <ClInclude Include="..\ShapeCompositor\Canvas\History.h">
      <Filter>Файлы исходного кода\TestClasses\Canvas</Filter>
    </ClInclude>
    <ClInclude Include="..\ShapeCompositor\Canvas\SelectedShape.h">
      <Filter>Файлы исходного кода\TestClasses\Canvas</Filter>
    </ClInclude>
  </ItemGroup>
  <ItemGroup>
    <ClCompile Include="stdafx.cpp">
      <Filter>Файлы исходного кода</Filter>
    </ClCompile>
    <ClCompile Include="Tests.cpp">
      <Filter>Файлы исходного кода</Filter>
    </ClCompile>
    <ClCompile Include="ShapeTests.cpp">
      <Filter>Файлы исходного кода</Filter>
    </ClCompile>
    <ClCompile Include="..\ShapeCompositor\Canvas\Canvas.cpp">
      <Filter>Файлы исходного кода\TestClasses\Canvas</Filter>
    </ClCompile>
    <ClCompile Include="..\ShapeCompositor\Canvas\CanvasCommands\AddShapeCommand.cpp">
      <Filter>Файлы исходного кода\TestClasses\Canvas\CanvasCommand</Filter>
    </ClCompile>
    <ClCompile Include="..\ShapeCompositor\Canvas\CanvasCommands\DeleteShapeCommand.cpp">
      <Filter>Файлы исходного кода\TestClasses\Canvas\CanvasCommand</Filter>
    </ClCompile>
    <ClCompile Include="..\ShapeCompositor\Canvas\CanvasCommands\MoveShapeCommand.cpp">
      <Filter>Файлы исходного кода\TestClasses\Canvas\CanvasCommand</Filter>
    </ClCompile>
    <ClCompile Include="..\ShapeCompositor\Canvas\CanvasCommands\ScaleShapeCommand.cpp">
      <Filter>Файлы исходного кода\TestClasses\Canvas\CanvasCommand</Filter>
    </ClCompile>
    <ClCompile Include="..\ShapeCompositor\Canvas\Shapes\CShape.cpp">
      <Filter>Файлы исходного кода\TestClasses\Canvas\Shapes</Filter>
    </ClCompile>
    <ClCompile Include="..\ShapeCompositor\Canvas\Shapes\Ellipse.cpp">
      <Filter>Файлы исходного кода\TestClasses\Canvas\Shapes</Filter>
    </ClCompile>
    <ClCompile Include="..\ShapeCompositor\Canvas\Shapes\Rectangle.cpp">
      <Filter>Файлы исходного кода\TestClasses\Canvas\Shapes</Filter>
    </ClCompile>
    <ClCompile Include="..\ShapeCompositor\Canvas\Shapes\ShapeAttributes.cpp">
      <Filter>Файлы исходного кода\TestClasses\Canvas\Shapes</Filter>
    </ClCompile>
    <ClCompile Include="..\ShapeCompositor\Canvas\Shapes\ShapeFactory.cpp">
      <Filter>Файлы исходного кода\TestClasses\Canvas\Shapes</Filter>
    </ClCompile>
    <ClCompile Include="..\ShapeCompositor\Canvas\Shapes\Triangle.cpp">
      <Filter>Файлы исходного кода\TestClasses\Canvas\Shapes</Filter>
    </ClCompile>
    <ClCompile Include="CanvasTests.cpp">
      <Filter>Файлы исходного кода</Filter>
    </ClCompile>
    <ClCompile Include="XMLReaderTests.cpp">
      <Filter>Файлы исходного кода</Filter>
    </ClCompile>
    <ClCompile Include="..\ShapeCompositor\XMLReader\XMLReader.cpp">
      <Filter>Файлы исходного кода\TestClasses\XMLReader</Filter>
    </ClCompile>
    <ClCompile Include="..\ShapeCompositor\Canvas\History.cpp">
      <Filter>Файлы исходного кода\TestClasses\Canvas</Filter>
    </ClCompile>
    <ClCompile Include="..\ShapeCompositor\Canvas\SelectedShape.cpp">
      <Filter>Файлы исходного кода\TestClasses\Canvas</Filter>
    </ClCompile>
  </ItemGroup>
  <ItemGroup>
    <None Include="..\ShapeCompositor\ShapeCompositor.reg" />
  </ItemGroup>
</Project>